
Microsoft Visual Studio Solution File, Format Version 12.00
# Visual Studio Version 17
VisualStudioVersion = 17.0.31903.59
MinimumVisualStudioVersion = 10.0.40219.1
Project("{888888A0-9F3D-457C-B088-3A5042F75D52}") = "testQ3n2", "testQ3n2\testQ3n2.pyproj", "{DA938146-2E4D-4B8B-A730-25317566F64D}"
EndProject
Global
	GlobalSection(SolutionConfigurationPlatforms) = preSolution
		Debug|Any CPU = Debug|Any CPU
		Release|Any CPU = Release|Any CPU
	EndGlobalSection
	GlobalSection(ProjectConfigurationPlatforms) = postSolution
		{DA938146-2E4D-4B8B-A730-25317566F64D}.Debug|Any CPU.ActiveCfg = Debug|Any CPU
		{DA938146-2E4D-4B8B-A730-25317566F64D}.Release|Any CPU.ActiveCfg = Release|Any CPU
	EndGlobalSection
	GlobalSection(SolutionProperties) = preSolution
		HideSolutionNode = FALSE
	EndGlobalSection
	GlobalSection(ExtensibilityGlobals) = postSolution
		SolutionGuid = {38EB5DE3-11AB-4F1A-9BF6-02115908F7BB}
	EndGlobalSection
EndGlobal
