
Microsoft Visual Studio Solution File, Format Version 12.00
# Visual Studio Version 17
VisualStudioVersion = 17.0.31903.59
MinimumVisualStudioVersion = 10.0.40219.1
Project("{888888A0-9F3D-457C-B088-3A5042F75D52}") = "Q1-6", "Q1-6\Q1-6.pyproj", "{074AC77F-2E6A-4D6E-9F52-634C80790239}"
EndProject
Global
	GlobalSection(SolutionConfigurationPlatforms) = preSolution
		Debug|Any CPU = Debug|Any CPU
		Release|Any CPU = Release|Any CPU
	EndGlobalSection
	GlobalSection(ProjectConfigurationPlatforms) = postSolution
		{074AC77F-2E6A-4D6E-9F52-634C80790239}.Debug|Any CPU.ActiveCfg = Debug|Any CPU
		{074AC77F-2E6A-4D6E-9F52-634C80790239}.Release|Any CPU.ActiveCfg = Release|Any CPU
	EndGlobalSection
	GlobalSection(SolutionProperties) = preSolution
		HideSolutionNode = FALSE
	EndGlobalSection
	GlobalSection(ExtensibilityGlobals) = postSolution
		SolutionGuid = {B84BEB6F-825D-4FE6-986A-B9B591EE6C16}
	EndGlobalSection
EndGlobal
