
Microsoft Visual Studio Solution File, Format Version 12.00
# Visual Studio Version 17
VisualStudioVersion = 17.0.31903.59
MinimumVisualStudioVersion = 10.0.40219.1
Project("{888888A0-9F3D-457C-B088-3A5042F75D52}") = "testQ3n3", "testQ3n3\testQ3n3.pyproj", "{73BBD96F-344D-4679-91F0-F0411F39EFA7}"
EndProject
Global
	GlobalSection(SolutionConfigurationPlatforms) = preSolution
		Debug|Any CPU = Debug|Any CPU
		Release|Any CPU = Release|Any CPU
	EndGlobalSection
	GlobalSection(ProjectConfigurationPlatforms) = postSolution
		{73BBD96F-344D-4679-91F0-F0411F39EFA7}.Debug|Any CPU.ActiveCfg = Debug|Any CPU
		{73BBD96F-344D-4679-91F0-F0411F39EFA7}.Release|Any CPU.ActiveCfg = Release|Any CPU
	EndGlobalSection
	GlobalSection(SolutionProperties) = preSolution
		HideSolutionNode = FALSE
	EndGlobalSection
	GlobalSection(ExtensibilityGlobals) = postSolution
		SolutionGuid = {6941DADE-880C-484C-8E66-7E34003F7D3D}
	EndGlobalSection
EndGlobal
